Microsoft Visual Studio Solution File, Format Version 12.00
# Visual Studio 2012
Project("{FAE04EC0-301F-11D3-BF4B-00C04F79EFBC}") = "Modular System", "Modular System.csproj", "{43A5DC40-066A-4940-826D-801E4F399BFB}"
EndProject
Global
	GlobalSection(SolutionConfigurationPlatforms) = preSolution
	Debug|Any CPU = Debug|Any CPU
	ExportDebug|Any CPU = ExportDebug|Any CPU
	ExportRelease|Any CPU = ExportRelease|Any CPU
	EndGlobalSection
	GlobalSection(ProjectConfigurationPlatforms) = postSolution
		{43A5DC40-066A-4940-826D-801E4F399BFB}.Debug|Any CPU.ActiveCfg = Debug|Any CPU
		{43A5DC40-066A-4940-826D-801E4F399BFB}.Debug|Any CPU.Build.0 = Debug|Any CPU
		{43A5DC40-066A-4940-826D-801E4F399BFB}.ExportDebug|Any CPU.ActiveCfg = ExportDebug|Any CPU
		{43A5DC40-066A-4940-826D-801E4F399BFB}.ExportDebug|Any CPU.Build.0 = ExportDebug|Any CPU
		{43A5DC40-066A-4940-826D-801E4F399BFB}.ExportRelease|Any CPU.ActiveCfg = ExportRelease|Any CPU
		{43A5DC40-066A-4940-826D-801E4F399BFB}.ExportRelease|Any CPU.Build.0 = ExportRelease|Any CPU
	EndGlobalSection
EndGlobal
